
Microsoft Visual Studio Solution File, Format Version 12.00
# Visual Studio Version 16
VisualStudioVersion = 16.0.30804.86
MinimumVisualStudioVersion = 10.0.40219.1
Project("{9A19103F-16F7-4668-BE54-9A1E7A4F7556}") = "LeaveRequest", "LeaveRequest\LeaveRequest.csproj", "{03330485-68CB-4868-B3F3-7208347F75BC}"
EndProject
Project("{FAE04EC0-301F-11D3-BF4B-00C04F79EFBC}") = "WebLeaveRequest", "WebLeaveRequest\WebLeaveRequest.csproj", "{65A281AF-1CC2-4503-BA91-0F9DD97BD551}"
EndProject
Global
	GlobalSection(SolutionConfigurationPlatforms) = preSolution
		Debug|Any CPU = Debug|Any CPU
		Release|Any CPU = Release|Any CPU
	EndGlobalSection
	GlobalSection(ProjectConfigurationPlatforms) = postSolution
		{03330485-68CB-4868-B3F3-7208347F75BC}.Debug|Any CPU.ActiveCfg = Debug|Any CPU
		{03330485-68CB-4868-B3F3-7208347F75BC}.Debug|Any CPU.Build.0 = Debug|Any CPU
		{03330485-68CB-4868-B3F3-7208347F75BC}.Release|Any CPU.ActiveCfg = Release|Any CPU
		{03330485-68CB-4868-B3F3-7208347F75BC}.Release|Any CPU.Build.0 = Release|Any CPU
		{65A281AF-1CC2-4503-BA91-0F9DD97BD551}.Debug|Any CPU.ActiveCfg = Debug|Any CPU
		{65A281AF-1CC2-4503-BA91-0F9DD97BD551}.Debug|Any CPU.Build.0 = Debug|Any CPU
		{65A281AF-1CC2-4503-BA91-0F9DD97BD551}.Release|Any CPU.ActiveCfg = Release|Any CPU
		{65A281AF-1CC2-4503-BA91-0F9DD97BD551}.Release|Any CPU.Build.0 = Release|Any CPU
	EndGlobalSection
	GlobalSection(SolutionProperties) = preSolution
		HideSolutionNode = FALSE
	EndGlobalSection
	GlobalSection(ExtensibilityGlobals) = postSolution
		SolutionGuid = {773AF98C-406B-4B86-BB42-F3A348EA5559}
	EndGlobalSection
EndGlobal
